
Microsoft Visual Studio Solution File, Format Version 12.00
# Visual Studio Version 17
VisualStudioVersion = 17.14.36109.1 d17.14
MinimumVisualStudioVersion = 10.0.40219.1
Project("{8BC9CEB8-8B4A-11D0-8D11-00A0C91BC942}") = "01 C++ 输出 Hello World", "01 C++ 输出 Hello World.vcxproj", "{230A847C-DE85-48E5-837E-60706EFD24C8}"
EndProject
Global
	GlobalSection(SolutionConfigurationPlatforms) = preSolution
		Debug|x64 = Debug|x64
		Debug|x86 = Debug|x86
		Release|x64 = Release|x64
		Release|x86 = Release|x86
	EndGlobalSection
	GlobalSection(ProjectConfigurationPlatforms) = postSolution
		{230A847C-DE85-48E5-837E-60706EFD24C8}.Debug|x64.ActiveCfg = Debug|x64
		{230A847C-DE85-48E5-837E-60706EFD24C8}.Debug|x64.Build.0 = Debug|x64
		{230A847C-DE85-48E5-837E-60706EFD24C8}.Debug|x86.ActiveCfg = Debug|Win32
		{230A847C-DE85-48E5-837E-60706EFD24C8}.Debug|x86.Build.0 = Debug|Win32
		{230A847C-DE85-48E5-837E-60706EFD24C8}.Release|x64.ActiveCfg = Release|x64
		{230A847C-DE85-48E5-837E-60706EFD24C8}.Release|x64.Build.0 = Release|x64
		{230A847C-DE85-48E5-837E-60706EFD24C8}.Release|x86.ActiveCfg = Release|Win32
		{230A847C-DE85-48E5-837E-60706EFD24C8}.Release|x86.Build.0 = Release|Win32
	EndGlobalSection
	GlobalSection(SolutionProperties) = preSolution
		HideSolutionNode = FALSE
	EndGlobalSection
	GlobalSection(ExtensibilityGlobals) = postSolution
		SolutionGuid = {CBB2B2E5-1E93-44AF-B88E-3C08D089477B}
	EndGlobalSection
EndGlobal
